
Microsoft Visual Studio Solution File, Format Version 12.00
# Visual Studio Version 17
VisualStudioVersion = 17.3.32819.101
MinimumVisualStudioVersion = 10.0.40219.1
Project("{FAE04EC0-301F-11D3-BF4B-00C04F79EFBC}") = "Project Bubble", "Project Bubble\Project Bubble.csproj", "{376CBCBB-CE1E-4582-A4AD-E0470A099611}"
EndProject
Global
	GlobalSection(SolutionConfigurationPlatforms) = preSolution
		Debug|Any CPU = Debug|Any CPU
		Release|Any CPU = Release|Any CPU
	EndGlobalSection
	GlobalSection(ProjectConfigurationPlatforms) = postSolution
		{376CBCBB-CE1E-4582-A4AD-E0470A099611}.Debug|Any CPU.ActiveCfg = Debug|Any CPU
		{376CBCBB-CE1E-4582-A4AD-E0470A099611}.Debug|Any CPU.Build.0 = Debug|Any CPU
		{376CBCBB-CE1E-4582-A4AD-E0470A099611}.Release|Any CPU.ActiveCfg = Release|Any CPU
		{376CBCBB-CE1E-4582-A4AD-E0470A099611}.Release|Any CPU.Build.0 = Release|Any CPU
	EndGlobalSection
	GlobalSection(SolutionProperties) = preSolution
		HideSolutionNode = FALSE
	EndGlobalSection
	GlobalSection(ExtensibilityGlobals) = postSolution
		SolutionGuid = {AFF879F6-A7FC-44A8-8981-F687D3F234C8}
	EndGlobalSection
EndGlobal
